# @generated by Move, please check-in and do not edit manually.

[move]
version = 3
manifest_digest = "0348F8D923014EB03495DED71B59D3CABC5EEC0233ACA11814FB7A0084E6BCCC"
deps_digest = "F8BBB0CCB2491CA29A3DF03D6F92277A4F3574266507ACD77214D37ECA3F3082"
dependencies = [
  { id = "Sui", name = "Sui" },
]

[[move.package]]
id = "MoveStdlib"
source = { git = "https://github.com/MystenLabs/sui.git", rev = "9a4d4016ba66c646c76c4b8d54fa9e767f240ab1", subdir = "crates/sui-framework/packages/move-stdlib" }

[[move.package]]
id = "Sui"
source = { git = "https://github.com/MystenLabs/sui.git", rev = "9a4d4016ba66c646c76c4b8d54fa9e767f240ab1", subdir = "crates/sui-framework/packages/sui-framework" }

dependencies = [
  { id = "MoveStdlib", name = "MoveStdlib" },
]

[move.toolchain-version]
compiler-version = "1.61.1"
edition = "2024"
flavor = "sui"

[env]

[env.testnet]
chain-id = "4c78adac"
original-published-id = "0xf0ce36656cd421dce66aef95e972e901f21689c3a7ce6402a3b12d4b17eb7b61"
latest-published-id = "0xf0ce36656cd421dce66aef95e972e901f21689c3a7ce6402a3b12d4b17eb7b61"
published-version = "1"
