# @generated by Move, please check-in and do not edit manually.

[move]
version = 3
manifest_digest = "43C0D18A4C2BEE6813083867E7F18C9F171F5CF45058E8E74F01358C76FF2A7C"
deps_digest = "F8BBB0CCB2491CA29A3DF03D6F92277A4F3574266507ACD77214D37ECA3F3082"
dependencies = [
  { id = "Sui", name = "Sui" },
]

[[move.package]]
id = "MoveStdlib"
source = { git = "https://github.com/MystenLabs/sui.git", rev = "9a4d4016ba66c646c76c4b8d54fa9e767f240ab1", subdir = "crates/sui-framework/packages/move-stdlib" }

[[move.package]]
id = "Sui"
source = { git = "https://github.com/MystenLabs/sui.git", rev = "9a4d4016ba66c646c76c4b8d54fa9e767f240ab1", subdir = "crates/sui-framework/packages/sui-framework" }

dependencies = [
  { id = "MoveStdlib", name = "MoveStdlib" },
]

[move.toolchain-version]
compiler-version = "1.61.1"
edition = "legacy"
flavor = "sui"

[env]

[env.testnet]
chain-id = "4c78adac"
original-published-id = "0x41ec79c3295647a41c0d6a725116be696df361d8789d2ee71284e1e034f2df40"
latest-published-id = "0x41ec79c3295647a41c0d6a725116be696df361d8789d2ee71284e1e034f2df40"
published-version = "1"
